// !$*UTF8*$!
{
	archiveVersion = 1;
	classes = {
	};
	objectVersion = 46;
	objects = {

/* Begin PBXAggregateTarget section */
		96614E9C10E93A820066624E /* All */ = {
			isa = PBXAggregateTarget;
			buildConfigurationList = 96614EB110E93AC50066624E /* Build configuration list for PBXAggregateTarget "All" */;
			buildPhases = (
			);
			dependencies = (
				CD7C8CD2151BD62900A85955 /* PBXTargetDependency */,
			);
			name = All;
			productName = All;
		};
/* End PBXAggregateTarget section */

/* Begin PBXBuildFile section */
		CD4962CB151CA87700C398A1 /* shape_darkgray.png in Resources */ = {isa = PBXBuildFile; fileRef = CD4962C8151CA87700C398A1 /* shape_darkgray.png */; };
		CD4962CC151CA87700C398A1 /* shape_green.png in Resources */ = {isa = PBXBuildFile; fileRef = CD4962C9151CA87700C398A1 /* shape_green.png */; };
		CD4962CD151CA87700C398A1 /* shape_red.png in Resources */ = {isa = PBXBuildFile; fileRef = CD4962CA151CA87700C398A1 /* shape_red.png */; };
		CD4962D0151CA9D800C398A1 /* syphondevicelogo.png in Resources */ = {isa = PBXBuildFile; fileRef = CD4962CF151CA9D800C398A1 /* syphondevicelogo.png */; };
		CD7C8CA4151B8EE600A85955 /* OpenGL.framework in Frameworks */ = {isa = PBXBuildFile; fileRef = CD7C8C91151B86F500A85955 /* OpenGL.framework */; };
		CD7C8CA6151B8EE600A85955 /* CoreVideo.framework in Frameworks */ = {isa = PBXBuildFile; fileRef = CD7F7871151B223000EEE064 /* CoreVideo.framework */; };
		CD7C8CB0151B8EE600A85955 /* syphon_active.png in Resources */ = {isa = PBXBuildFile; fileRef = CD7C8C82151B70D900A85955 /* syphon_active.png */; };
		CD7C8CB1151B8EE600A85955 /* syphon_unactive.png in Resources */ = {isa = PBXBuildFile; fileRef = CD7C8C7F151B70C400A85955 /* syphon_unactive.png */; };
		CD7C8CD0151BD26500A85955 /* appname.png in Resources */ = {isa = PBXBuildFile; fileRef = CD7C8CCE151BD26400A85955 /* appname.png */; };
		CD7CCE43151DBB030061198E /* EWSyphonProxyFrameBufferConnection.framework in Frameworks */ = {isa = PBXBuildFile; fileRef = CD7CCE41151DBB030061198E /* EWSyphonProxyFrameBufferConnection.framework */; };
		CD7CCE44151DBB030061198E /* Syphon.framework in Frameworks */ = {isa = PBXBuildFile; fileRef = CD7CCE42151DBB030061198E /* Syphon.framework */; };
		CD7CCE45151DBB240061198E /* EWSyphonProxyFrameBufferConnection.framework in CopyFiles */ = {isa = PBXBuildFile; fileRef = CD7CCE41151DBB030061198E /* EWSyphonProxyFrameBufferConnection.framework */; };
		CD7CCE46151DBB240061198E /* Syphon.framework in CopyFiles */ = {isa = PBXBuildFile; fileRef = CD7CCE42151DBB030061198E /* Syphon.framework */; };
		CDAF1A39151CE89B0074458A /* Cocoa.framework in Frameworks */ = {isa = PBXBuildFile; fileRef = CDAF1A38151CE89B0074458A /* Cocoa.framework */; };
		CDAF1A3B151CE8B60074458A /* IOKit.framework in Frameworks */ = {isa = PBXBuildFile; fileRef = CDAF1A3A151CE8B60074458A /* IOKit.framework */; };
		CDAF1A3D151CEAA90074458A /* LaunchAtLoginController.m in Sources */ = {isa = PBXBuildFile; fileRef = CDAF1A3C151CEAA90074458A /* LaunchAtLoginController.m */; };
		CDAF1A51151CEAE80074458A /* Credits.rtf in Resources */ = {isa = PBXBuildFile; fileRef = CDAF1A4B151CEAE80074458A /* Credits.rtf */; };
		CDAF1A52151CEAE80074458A /* InfoPlist.strings in Resources */ = {isa = PBXBuildFile; fileRef = CDAF1A4D151CEAE80074458A /* InfoPlist.strings */; };
		CDAF1A53151CEAE80074458A /* MainMenu.xib in Resources */ = {isa = PBXBuildFile; fileRef = CDAF1A4F151CEAE80074458A /* MainMenu.xib */; };
		CDAF1A56151CEAF90074458A /* LICENSES.txt in Resources */ = {isa = PBXBuildFile; fileRef = CDAF1A55151CEAF90074458A /* LICENSES.txt */; };
		CDAF1A57151CEB200074458A /* NSObject+BlockObservation.m in Sources */ = {isa = PBXBuildFile; fileRef = CDAF1A3F151CEAB60074458A /* NSObject+BlockObservation.m */; };
		CDAF1A59151CEB250074458A /* EWCGScreenCaptureController.m in Sources */ = {isa = PBXBuildFile; fileRef = CDAF1A43151CEAC00074458A /* EWCGScreenCaptureController.m */; };
		CDAF1A5B151CEB2C0074458A /* AppDelegate.m in Sources */ = {isa = PBXBuildFile; fileRef = CDAF1A47151CEACB0074458A /* AppDelegate.m */; };
		CDAF1A5C151CEB2D0074458A /* EWVirtualScreenController.m in Sources */ = {isa = PBXBuildFile; fileRef = CDAF1A49151CEACB0074458A /* EWVirtualScreenController.m */; };
		CDAF1A5D151CEB800074458A /* EWScreenCaptureController.m in Sources */ = {isa = PBXBuildFile; fileRef = CDAF1A45151CEAC00074458A /* EWScreenCaptureController.m */; };
		CDAF1A5F151CEBA70074458A /* main.m in Sources */ = {isa = PBXBuildFile; fileRef = CDAF1A5E151CEBA70074458A /* main.m */; };
		CDAF1A63151CECD70074458A /* applogo.icns in Resources */ = {isa = PBXBuildFile; fileRef = CDAF1A62151CECD70074458A /* applogo.icns */; };
		CDAF1A65151CECF30074458A /* applogo.icns in Resources */ = {isa = PBXBuildFile; fileRef = CDAF1A64151CECF30074458A /* applogo.icns */; };
/* End PBXBuildFile section */

/* Begin PBXContainerItemProxy section */
		CD7C8CD1151BD62900A85955 /* PBXContainerItemProxy */ = {
			isa = PBXContainerItemProxy;
			containerPortal = 089C1669FE841209C02AAC07 /* Project object */;
			proxyType = 1;
			remoteGlobalIDString = CD7C8C97151B8EE600A85955;
			remoteInfo = "Syphon Virtual Screen (Snow Leopard)";
		};
/* End PBXContainerItemProxy section */

/* Begin PBXCopyFilesBuildPhase section */
		CD7C8C98151B8EE600A85955 /* CopyFiles */ = {
			isa = PBXCopyFilesBuildPhase;
			buildActionMask = 2147483647;
			dstPath = "";
			dstSubfolderSpec = 10;
			files = (
				CD7CCE45151DBB240061198E /* EWSyphonProxyFrameBufferConnection.framework in CopyFiles */,
				CD7CCE46151DBB240061198E /* Syphon.framework in CopyFiles */,
			);
			runOnlyForDeploymentPostprocessing = 0;
		};
/* End PBXCopyFilesBuildPhase section */

/* Begin PBXFileReference section */
		CD4962C8151CA87700C398A1 /* shape_darkgray.png */ = {isa = PBXFileReference; lastKnownFileType = image.png; name = shape_darkgray.png; path = Design/shape_darkgray.png; sourceTree = SOURCE_ROOT; };
		CD4962C9151CA87700C398A1 /* shape_green.png */ = {isa = PBXFileReference; lastKnownFileType = image.png; name = shape_green.png; path = Design/shape_green.png; sourceTree = SOURCE_ROOT; };
		CD4962CA151CA87700C398A1 /* shape_red.png */ = {isa = PBXFileReference; lastKnownFileType = image.png; name = shape_red.png; path = Design/shape_red.png; sourceTree = SOURCE_ROOT; };
		CD4962CF151CA9D800C398A1 /* syphondevicelogo.png */ = {isa = PBXFileReference; lastKnownFileType = image.png; name = syphondevicelogo.png; path = Design/syphondevicelogo.png; sourceTree = SOURCE_ROOT; };
		CD716845151CE5220059BDB0 /* Syphon Virtual Screen.app */ = {isa = PBXFileReference; explicitFileType = wrapper.application; includeInIndex = 0; path = "Syphon Virtual Screen.app"; sourceTree = BUILT_PRODUCTS_DIR; };
		CD71684E151CE62E0059BDB0 /* SyphonVirtualScreen-Info.plist */ = {isa = PBXFileReference; fileEncoding = 4; lastKnownFileType = text.plist.xml; path = "SyphonVirtualScreen-Info.plist"; sourceTree = SOURCE_ROOT; };
		CD7C8C7E151B70C400A85955 /* Syphon Icon 32x32.psd */ = {isa = PBXFileReference; lastKnownFileType = file; name = "Syphon Icon 32x32.psd"; path = "Design/Syphon Icon 32x32.psd"; sourceTree = SOURCE_ROOT; };
		CD7C8C7F151B70C400A85955 /* syphon_unactive.png */ = {isa = PBXFileReference; lastKnownFileType = image.png; name = syphon_unactive.png; path = Design/syphon_unactive.png; sourceTree = SOURCE_ROOT; };
		CD7C8C82151B70D900A85955 /* syphon_active.png */ = {isa = PBXFileReference; lastKnownFileType = image.png; name = syphon_active.png; path = Design/syphon_active.png; sourceTree = SOURCE_ROOT; };
		CD7C8C91151B86F500A85955 /* OpenGL.framework */ = {isa = PBXFileReference; lastKnownFileType = wrapper.framework; name = OpenGL.framework; path = System/Library/Frameworks/OpenGL.framework; sourceTree = SDKROOT; };
		CD7C8CC4151BCAEC00A85955 /* LaunchAtLoginController.h */ = {isa = PBXFileReference; fileEncoding = 4; lastKnownFileType = sourcecode.c.h; name = LaunchAtLoginController.h; path = SyphonVirtualScreen/LaunchAtLoginController.h; sourceTree = "<group>"; };
		CD7C8CCE151BD26400A85955 /* appname.png */ = {isa = PBXFileReference; lastKnownFileType = image.png; name = appname.png; path = Design/appname.png; sourceTree = SOURCE_ROOT; };
		CD7CCE41151DBB030061198E /* EWSyphonProxyFrameBufferConnection.framework */ = {isa = PBXFileReference; lastKnownFileType = wrapper.framework; path = EWSyphonProxyFrameBufferConnection.framework; sourceTree = "<group>"; };
		CD7CCE42151DBB030061198E /* Syphon.framework */ = {isa = PBXFileReference; lastKnownFileType = wrapper.framework; path = Syphon.framework; sourceTree = "<group>"; };
		CD7F785B151A3DEE00EEE064 /* AVFoundation.framework */ = {isa = PBXFileReference; lastKnownFileType = wrapper.framework; name = AVFoundation.framework; path = System/Library/Frameworks/AVFoundation.framework; sourceTree = SDKROOT; };
		CD7F7871151B223000EEE064 /* CoreVideo.framework */ = {isa = PBXFileReference; lastKnownFileType = wrapper.framework; name = CoreVideo.framework; path = System/Library/Frameworks/CoreVideo.framework; sourceTree = SDKROOT; };
		CD7F7873151B231100EEE064 /* CoreMedia.framework */ = {isa = PBXFileReference; lastKnownFileType = wrapper.framework; name = CoreMedia.framework; path = System/Library/Frameworks/CoreMedia.framework; sourceTree = SDKROOT; };
		CDAF1A38151CE89B0074458A /* Cocoa.framework */ = {isa = PBXFileReference; lastKnownFileType = wrapper.framework; name = Cocoa.framework; path = /System/Library/Frameworks/Cocoa.framework; sourceTree = "<absolute>"; };
		CDAF1A3A151CE8B60074458A /* IOKit.framework */ = {isa = PBXFileReference; lastKnownFileType = wrapper.framework; name = IOKit.framework; path = /System/Library/Frameworks/IOKit.framework; sourceTree = "<absolute>"; };
		CDAF1A3C151CEAA90074458A /* LaunchAtLoginController.m */ = {isa = PBXFileReference; fileEncoding = 4; lastKnownFileType = sourcecode.c.objc; name = LaunchAtLoginController.m; path = SyphonVirtualScreen/LaunchAtLoginController.m; sourceTree = SOURCE_ROOT; };
		CDAF1A3E151CEAB60074458A /* NSObject+BlockObservation.h */ = {isa = PBXFileReference; lastKnownFileType = sourcecode.c.h; name = "NSObject+BlockObservation.h"; path = "SyphonVirtualScreen/KVO+Block/NSObject+BlockObservation.h"; sourceTree = SOURCE_ROOT; };
		CDAF1A3F151CEAB60074458A /* NSObject+BlockObservation.m */ = {isa = PBXFileReference; lastKnownFileType = sourcecode.c.objc; name = "NSObject+BlockObservation.m"; path = "SyphonVirtualScreen/KVO+Block/NSObject+BlockObservation.m"; sourceTree = SOURCE_ROOT; };
		CDAF1A40151CEAC00074458A /* EWAVFoundationScreenCaptureController.h */ = {isa = PBXFileReference; lastKnownFileType = sourcecode.c.h; name = EWAVFoundationScreenCaptureController.h; path = SyphonVirtualScreen/EWAVFoundationScreenCaptureController.h; sourceTree = SOURCE_ROOT; };
		CDAF1A41151CEAC00074458A /* EWAVFoundationScreenCaptureController.m */ = {isa = PBXFileReference; lastKnownFileType = sourcecode.c.objc; name = EWAVFoundationScreenCaptureController.m; path = SyphonVirtualScreen/EWAVFoundationScreenCaptureController.m; sourceTree = SOURCE_ROOT; };
		CDAF1A42151CEAC00074458A /* EWCGScreenCaptureController.h */ = {isa = PBXFileReference; lastKnownFileType = sourcecode.c.h; name = EWCGScreenCaptureController.h; path = SyphonVirtualScreen/EWCGScreenCaptureController.h; sourceTree = SOURCE_ROOT; };
		CDAF1A43151CEAC00074458A /* EWCGScreenCaptureController.m */ = {isa = PBXFileReference; lastKnownFileType = sourcecode.c.objc; name = EWCGScreenCaptureController.m; path = SyphonVirtualScreen/EWCGScreenCaptureController.m; sourceTree = SOURCE_ROOT; };
		CDAF1A44151CEAC00074458A /* EWScreenCaptureController.h */ = {isa = PBXFileReference; lastKnownFileType = sourcecode.c.h; name = EWScreenCaptureController.h; path = SyphonVirtualScreen/EWScreenCaptureController.h; sourceTree = SOURCE_ROOT; };
		CDAF1A45151CEAC00074458A /* EWScreenCaptureController.m */ = {isa = PBXFileReference; lastKnownFileType = sourcecode.c.objc; name = EWScreenCaptureController.m; path = SyphonVirtualScreen/EWScreenCaptureController.m; sourceTree = SOURCE_ROOT; };
		CDAF1A46151CEACB0074458A /* AppDelegate.h */ = {isa = PBXFileReference; lastKnownFileType = sourcecode.c.h; name = AppDelegate.h; path = SyphonVirtualScreen/AppDelegate.h; sourceTree = SOURCE_ROOT; };
		CDAF1A47151CEACB0074458A /* AppDelegate.m */ = {isa = PBXFileReference; lastKnownFileType = sourcecode.c.objc; name = AppDelegate.m; path = SyphonVirtualScreen/AppDelegate.m; sourceTree = SOURCE_ROOT; };
		CDAF1A48151CEACB0074458A /* EWVirtualScreenController.h */ = {isa = PBXFileReference; lastKnownFileType = sourcecode.c.h; name = EWVirtualScreenController.h; path = SyphonVirtualScreen/EWVirtualScreenController.h; sourceTree = SOURCE_ROOT; };
		CDAF1A49151CEACB0074458A /* EWVirtualScreenController.m */ = {isa = PBXFileReference; lastKnownFileType = sourcecode.c.objc; name = EWVirtualScreenController.m; path = SyphonVirtualScreen/EWVirtualScreenController.m; sourceTree = SOURCE_ROOT; };
		CDAF1A4C151CEAE80074458A /* en */ = {isa = PBXFileReference; lastKnownFileType = text.rtf; name = en; path = Credits.rtf; sourceTree = "<group>"; };
		CDAF1A4E151CEAE80074458A /* en */ = {isa = PBXFileReference; lastKnownFileType = text.plist.strings; name = en; path = InfoPlist.strings; sourceTree = "<group>"; };
		CDAF1A50151CEAE80074458A /* en */ = {isa = PBXFileReference; lastKnownFileType = file.xib; name = en; path = MainMenu.xib; sourceTree = "<group>"; };
		CDAF1A54151CEAF50074458A /* SyphonVirtualScreen-Prefix.pch */ = {isa = PBXFileReference; lastKnownFileType = sourcecode.c.h; name = "SyphonVirtualScreen-Prefix.pch"; path = "SyphonVirtualScreen/SyphonVirtualScreen-Prefix.pch"; sourceTree = SOURCE_ROOT; };
		CDAF1A55151CEAF90074458A /* LICENSES.txt */ = {isa = PBXFileReference; fileEncoding = 4; lastKnownFileType = text; name = LICENSES.txt; path = SyphonVirtualScreen/LICENSES.txt; sourceTree = SOURCE_ROOT; };
		CDAF1A5E151CEBA70074458A /* main.m */ = {isa = PBXFileReference; fileEncoding = 4; lastKnownFileType = sourcecode.c.objc; name = main.m; path = SyphonVirtualScreen/main.m; sourceTree = SOURCE_ROOT; };
		CDAF1A62151CECD70074458A /* applogo.icns */ = {isa = PBXFileReference; lastKnownFileType = image.icns; path = applogo.icns; sourceTree = "<group>"; };
		CDAF1A64151CECF30074458A /* applogo.icns */ = {isa = PBXFileReference; lastKnownFileType = image.icns; path = applogo.icns; sourceTree = "<group>"; };
/* End PBXFileReference section */

/* Begin PBXFrameworksBuildPhase section */
		CD7C8CA3151B8EE600A85955 /* Frameworks */ = {
			isa = PBXFrameworksBuildPhase;
			buildActionMask = 2147483647;
			files = (
				CDAF1A3B151CE8B60074458A /* IOKit.framework in Frameworks */,
				CDAF1A39151CE89B0074458A /* Cocoa.framework in Frameworks */,
				CD7C8CA4151B8EE600A85955 /* OpenGL.framework in Frameworks */,
				CD7C8CA6151B8EE600A85955 /* CoreVideo.framework in Frameworks */,
				CD7CCE43151DBB030061198E /* EWSyphonProxyFrameBufferConnection.framework in Frameworks */,
				CD7CCE44151DBB030061198E /* Syphon.framework in Frameworks */,
			);
			runOnlyForDeploymentPostprocessing = 0;
		};
/* End PBXFrameworksBuildPhase section */

/* Begin PBXGroup section */
		089C166AFE841209C02AAC07 /* EWProxyFrameBuffer */ = {
			isa = PBXGroup;
			children = (
				CDAF1A64151CECF30074458A /* applogo.icns */,
				CDAF1A62151CECD70074458A /* applogo.icns */,
				CD7F782E151A3D5B00EEE064 /* Syphon Virtual Screen */,
				CD716846151CE5220059BDB0 /* Products */,
			);
			name = EWProxyFrameBuffer;
			sourceTree = "<group>";
		};
		CD716846151CE5220059BDB0 /* Products */ = {
			isa = PBXGroup;
			children = (
				CD716845151CE5220059BDB0 /* Syphon Virtual Screen.app */,
			);
			name = Products;
			sourceTree = "<group>";
		};
		CD7C8C8D151B81F100A85955 /* Screen capture */ = {
			isa = PBXGroup;
			children = (
				CDAF1A40151CEAC00074458A /* EWAVFoundationScreenCaptureController.h */,
				CDAF1A41151CEAC00074458A /* EWAVFoundationScreenCaptureController.m */,
				CDAF1A42151CEAC00074458A /* EWCGScreenCaptureController.h */,
				CDAF1A43151CEAC00074458A /* EWCGScreenCaptureController.m */,
				CDAF1A44151CEAC00074458A /* EWScreenCaptureController.h */,
				CDAF1A45151CEAC00074458A /* EWScreenCaptureController.m */,
			);
			name = "Screen capture";
			sourceTree = "<group>";
		};
		CD7C8CC7151BCAF400A85955 /* Helper classes */ = {
			isa = PBXGroup;
			children = (
				CD7C8CC8151BCB0B00A85955 /* LaunchAtLogin */,
				CD7F786D151A49F300EEE064 /* KVO+Block */,
			);
			name = "Helper classes";
			sourceTree = "<group>";
		};
		CD7C8CC8151BCB0B00A85955 /* LaunchAtLogin */ = {
			isa = PBXGroup;
			children = (
				CD7C8CC4151BCAEC00A85955 /* LaunchAtLoginController.h */,
				CDAF1A3C151CEAA90074458A /* LaunchAtLoginController.m */,
			);
			name = LaunchAtLogin;
			sourceTree = "<group>";
		};
		CD7CCE40151DBB030061198E /* Private frameworkds */ = {
			isa = PBXGroup;
			children = (
				CD7CCE41151DBB030061198E /* EWSyphonProxyFrameBufferConnection.framework */,
				CD7CCE42151DBB030061198E /* Syphon.framework */,
			);
			name = "Private frameworkds";
			path = Frameworks;
			sourceTree = SOURCE_ROOT;
		};
		CD7F782E151A3D5B00EEE064 /* Syphon Virtual Screen */ = {
			isa = PBXGroup;
			children = (
				CD7C8CC7151BCAF400A85955 /* Helper classes */,
				CD7C8C8D151B81F100A85955 /* Screen capture */,
				CDAF1A46151CEACB0074458A /* AppDelegate.h */,
				CDAF1A47151CEACB0074458A /* AppDelegate.m */,
				CDAF1A48151CEACB0074458A /* EWVirtualScreenController.h */,
				CDAF1A49151CEACB0074458A /* EWVirtualScreenController.m */,
				CD7F782F151A3D5B00EEE064 /* Supporting Files */,
				CD7F7867151A414500EEE064 /* Resources */,
			);
			name = "Syphon Virtual Screen";
			path = EWSyphonVirtualScreen;
			sourceTree = "<group>";
		};
		CD7F782F151A3D5B00EEE064 /* Supporting Files */ = {
			isa = PBXGroup;
			children = (
				CDAF1A55151CEAF90074458A /* LICENSES.txt */,
				CDAF1A54151CEAF50074458A /* SyphonVirtualScreen-Prefix.pch */,
				CDAF1A5E151CEBA70074458A /* main.m */,
				CDAF1A4A151CEAE80074458A /* en.lproj */,
				CD71684E151CE62E0059BDB0 /* SyphonVirtualScreen-Info.plist */,
			);
			name = "Supporting Files";
			sourceTree = "<group>";
		};
		CD7F785D151A3DF500EEE064 /* Frameworks */ = {
			isa = PBXGroup;
			children = (
				CD7CCE40151DBB030061198E /* Private frameworkds */,
				CDAF1A3A151CE8B60074458A /* IOKit.framework */,
				CDAF1A38151CE89B0074458A /* Cocoa.framework */,
				CD7C8C91151B86F500A85955 /* OpenGL.framework */,
				CD7F7873151B231100EEE064 /* CoreMedia.framework */,
				CD7F7871151B223000EEE064 /* CoreVideo.framework */,
				CD7F785B151A3DEE00EEE064 /* AVFoundation.framework */,
			);
			name = Frameworks;
			sourceTree = "<group>";
		};
		CD7F7867151A414500EEE064 /* Resources */ = {
			isa = PBXGroup;
			children = (
				CD4962C8151CA87700C398A1 /* shape_darkgray.png */,
				CD4962C9151CA87700C398A1 /* shape_green.png */,
				CD4962CA151CA87700C398A1 /* shape_red.png */,
				CD7C8CCE151BD26400A85955 /* appname.png */,
				CD4962CF151CA9D800C398A1 /* syphondevicelogo.png */,
				CD7C8C7E151B70C400A85955 /* Syphon Icon 32x32.psd */,
				CD7C8C82151B70D900A85955 /* syphon_active.png */,
				CD7C8C7F151B70C400A85955 /* syphon_unactive.png */,
				CD7F785D151A3DF500EEE064 /* Frameworks */,
			);
			name = Resources;
			sourceTree = "<group>";
		};
		CD7F786D151A49F300EEE064 /* KVO+Block */ = {
			isa = PBXGroup;
			children = (
				CDAF1A3E151CEAB60074458A /* NSObject+BlockObservation.h */,
				CDAF1A3F151CEAB60074458A /* NSObject+BlockObservation.m */,
			);
			path = "KVO+Block";
			sourceTree = "<group>";
		};
		CDAF1A4A151CEAE80074458A /* en.lproj */ = {
			isa = PBXGroup;
			children = (
				CDAF1A4B151CEAE80074458A /* Credits.rtf */,
				CDAF1A4D151CEAE80074458A /* InfoPlist.strings */,
				CDAF1A4F151CEAE80074458A /* MainMenu.xib */,
			);
			name = en.lproj;
			path = SyphonVirtualScreen/en.lproj;
			sourceTree = SOURCE_ROOT;
		};
/* End PBXGroup section */

/* Begin PBXNativeTarget section */
		CD7C8C97151B8EE600A85955 /* Syphon Virtual Screen (Snow Leopard) */ = {
			isa = PBXNativeTarget;
			buildConfigurationList = CD7C8CB2151B8EE600A85955 /* Build configuration list for PBXNativeTarget "Syphon Virtual Screen (Snow Leopard)" */;
			buildPhases = (
				CD7C8C98151B8EE600A85955 /* CopyFiles */,
				CD7C8C9B151B8EE600A85955 /* Sources */,
				CD7C8CA3151B8EE600A85955 /* Frameworks */,
				CD7C8CAC151B8EE600A85955 /* Resources */,
			);
			buildRules = (
			);
			dependencies = (
			);
			name = "Syphon Virtual Screen (Snow Leopard)";
			productName = EWSyphonVirtualScreen;
			productReference = CD716845151CE5220059BDB0 /* Syphon Virtual Screen.app */;
			productType = "com.apple.product-type.application";
		};
/* End PBXNativeTarget section */

/* Begin PBXProject section */
		089C1669FE841209C02AAC07 /* Project object */ = {
			isa = PBXProject;
			attributes = {
				LastUpgradeCheck = 0430;
			};
			buildConfigurationList = 1DEB91DD08733DB10010E9CD /* Build configuration list for PBXProject "SyphonVirtualScreen" */;
			compatibilityVersion = "Xcode 3.2";
			developmentRegion = English;
			hasScannedForEncodings = 1;
			knownRegions = (
				en,
			);
			mainGroup = 089C166AFE841209C02AAC07 /* EWProxyFrameBuffer */;
			productRefGroup = CD716846151CE5220059BDB0 /* Products */;
			projectDirPath = "";
			projectRoot = "";
			targets = (
				96614E9C10E93A820066624E /* All */,
				CD7C8C97151B8EE600A85955 /* Syphon Virtual Screen (Snow Leopard) */,
			);
		};
/* End PBXProject section */

/* Begin PBXResourcesBuildPhase section */
		CD7C8CAC151B8EE600A85955 /* Resources */ = {
			isa = PBXResourcesBuildPhase;
			buildActionMask = 2147483647;
			files = (
				CD7C8CB0151B8EE600A85955 /* syphon_active.png in Resources */,
				CD7C8CB1151B8EE600A85955 /* syphon_unactive.png in Resources */,
				CD7C8CD0151BD26500A85955 /* appname.png in Resources */,
				CD4962CB151CA87700C398A1 /* shape_darkgray.png in Resources */,
				CD4962CC151CA87700C398A1 /* shape_green.png in Resources */,
				CD4962CD151CA87700C398A1 /* shape_red.png in Resources */,
				CD4962D0151CA9D800C398A1 /* syphondevicelogo.png in Resources */,
				CDAF1A51151CEAE80074458A /* Credits.rtf in Resources */,
				CDAF1A52151CEAE80074458A /* InfoPlist.strings in Resources */,
				CDAF1A53151CEAE80074458A /* MainMenu.xib in Resources */,
				CDAF1A56151CEAF90074458A /* LICENSES.txt in Resources */,
				CDAF1A63151CECD70074458A /* applogo.icns in Resources */,
				CDAF1A65151CECF30074458A /* applogo.icns in Resources */,
			);
			runOnlyForDeploymentPostprocessing = 0;
		};
/* End PBXResourcesBuildPhase section */

/* Begin PBXSourcesBuildPhase section */
		CD7C8C9B151B8EE600A85955 /* Sources */ = {
			isa = PBXSourcesBuildPhase;
			buildActionMask = 2147483647;
			files = (
				CDAF1A5C151CEB2D0074458A /* EWVirtualScreenController.m in Sources */,
				CDAF1A3D151CEAA90074458A /* LaunchAtLoginController.m in Sources */,
				CDAF1A57151CEB200074458A /* NSObject+BlockObservation.m in Sources */,
				CDAF1A5D151CEB800074458A /* EWScreenCaptureController.m in Sources */,
				CDAF1A5B151CEB2C0074458A /* AppDelegate.m in Sources */,
				CDAF1A59151CEB250074458A /* EWCGScreenCaptureController.m in Sources */,
				CDAF1A5F151CEBA70074458A /* main.m in Sources */,
			);
			runOnlyForDeploymentPostprocessing = 0;
		};
/* End PBXSourcesBuildPhase section */

/* Begin PBXTargetDependency section */
		CD7C8CD2151BD62900A85955 /* PBXTargetDependency */ = {
			isa = PBXTargetDependency;
			target = CD7C8C97151B8EE600A85955 /* Syphon Virtual Screen (Snow Leopard) */;
			targetProxy = CD7C8CD1151BD62900A85955 /* PBXContainerItemProxy */;
		};
/* End PBXTargetDependency section */

/* Begin PBXVariantGroup section */
		CDAF1A4B151CEAE80074458A /* Credits.rtf */ = {
			isa = PBXVariantGroup;
			children = (
				CDAF1A4C151CEAE80074458A /* en */,
			);
			name = Credits.rtf;
			sourceTree = "<group>";
		};
		CDAF1A4D151CEAE80074458A /* InfoPlist.strings */ = {
			isa = PBXVariantGroup;
			children = (
				CDAF1A4E151CEAE80074458A /* en */,
			);
			name = InfoPlist.strings;
			sourceTree = "<group>";
		};
		CDAF1A4F151CEAE80074458A /* MainMenu.xib */ = {
			isa = PBXVariantGroup;
			children = (
				CDAF1A50151CEAE80074458A /* en */,
			);
			name = MainMenu.xib;
			sourceTree = "<group>";
		};
/* End PBXVariantGroup section */

/* Begin XCBuildConfiguration section */
		1DEB91DE08733DB10010E9CD /* Debug */ = {
			isa = XCBuildConfiguration;
			buildSettings = {
				ARCHS = "$(ARCHS_STANDARD_32_64_BIT)";
				GCC_C_LANGUAGE_STANDARD = gnu99;
				GCC_OPTIMIZATION_LEVEL = 0;
				GCC_WARN_ABOUT_RETURN_TYPE = YES;
				GCC_WARN_UNUSED_VARIABLE = YES;
				ONLY_ACTIVE_ARCH = YES;
				SDKROOT = macosx;
			};
			name = Debug;
		};
		1DEB91DF08733DB10010E9CD /* Release */ = {
			isa = XCBuildConfiguration;
			buildSettings = {
				ARCHS = "$(ARCHS_STANDARD_32_64_BIT)";
				GCC_C_LANGUAGE_STANDARD = gnu99;
				GCC_WARN_ABOUT_RETURN_TYPE = YES;
				GCC_WARN_UNUSED_VARIABLE = YES;
				SDKROOT = macosx;
			};
			name = Release;
		};
		96614E9D10E93A820066624E /* Debug */ = {
			isa = XCBuildConfiguration;
			buildSettings = {
				COPY_PHASE_STRIP = NO;
				GCC_DYNAMIC_NO_PIC = NO;
				GCC_OPTIMIZATION_LEVEL = 0;
				PRODUCT_NAME = All;
			};
			name = Debug;
		};
		96614E9E10E93A820066624E /* Release */ = {
			isa = XCBuildConfiguration;
			buildSettings = {
				COPY_PHASE_STRIP = YES;
				DEBUG_INFORMATION_FORMAT = "dwarf-with-dsym";
				PRODUCT_NAME = All;
				ZERO_LINK = NO;
			};
			name = Release;
		};
		CD7C8CB3151B8EE600A85955 /* Debug */ = {
			isa = XCBuildConfiguration;
			buildSettings = {
				ALWAYS_SEARCH_USER_PATHS = NO;
				ARCHS = "$(ARCHS_STANDARD_64_BIT)";
				CLANG_ENABLE_OBJC_ARC = YES;
				COPY_PHASE_STRIP = NO;
				FRAMEWORK_SEARCH_PATHS = (
					"$(inherited)",
					"\"$(SRCROOT)/SyphonVirtualScreen\"",
					"\"$(SRCROOT)/EWProxyFramebuffer\"",
					"\"$(SRCROOT)/Frameworks\"",
				);
				GCC_DYNAMIC_NO_PIC = NO;
				GCC_ENABLE_OBJC_EXCEPTIONS = YES;
				GCC_PRECOMPILE_PREFIX_HEADER = YES;
				GCC_PREFIX_HEADER = "SyphonVirtualScreen/SyphonVirtualScreen-Prefix.pch";
				GCC_PREPROCESSOR_DEFINITIONS = (
					"DEBUG=1",
					"$(inherited)",
				);
				GCC_SYMBOLS_PRIVATE_EXTERN = NO;
				GCC_VERSION = com.apple.compilers.llvm.clang.1_0;
				GCC_WARN_64_TO_32_BIT_CONVERSION = YES;
				GCC_WARN_UNINITIALIZED_AUTOS = YES;
				INFOPLIST_FILE = "SyphonVirtualScreen-Info.plist";
				MACOSX_DEPLOYMENT_TARGET = 10.6;
				PRODUCT_NAME = "Syphon Virtual Screen";
				SDKROOT = "";
				WRAPPER_EXTENSION = app;
			};
			name = Debug;
		};
		CD7C8CB4151B8EE600A85955 /* Release */ = {
			isa = XCBuildConfiguration;
			buildSettings = {
				ALWAYS_SEARCH_USER_PATHS = NO;
				ARCHS = "$(ARCHS_STANDARD_64_BIT)";
				CLANG_ENABLE_OBJC_ARC = YES;
				COPY_PHASE_STRIP = YES;
				DEBUG_INFORMATION_FORMAT = "dwarf-with-dsym";
				FRAMEWORK_SEARCH_PATHS = (
					"$(inherited)",
					"\"$(SRCROOT)/SyphonVirtualScreen\"",
					"\"$(SRCROOT)/EWProxyFramebuffer\"",
					"\"$(SRCROOT)/Frameworks\"",
				);
				GCC_ENABLE_OBJC_EXCEPTIONS = YES;
				GCC_PRECOMPILE_PREFIX_HEADER = YES;
				GCC_PREFIX_HEADER = "SyphonVirtualScreen/SyphonVirtualScreen-Prefix.pch";
				GCC_VERSION = com.apple.compilers.llvm.clang.1_0;
				GCC_WARN_64_TO_32_BIT_CONVERSION = YES;
				GCC_WARN_UNINITIALIZED_AUTOS = YES;
				INFOPLIST_FILE = "SyphonVirtualScreen-Info.plist";
				MACOSX_DEPLOYMENT_TARGET = 10.6;
				PRODUCT_NAME = "Syphon Virtual Screen";
				SDKROOT = "";
				WRAPPER_EXTENSION = app;
			};
			name = Release;
		};
/* End XCBuildConfiguration section */

/* Begin XCConfigurationList section */
		1DEB91DD08733DB10010E9CD /* Build configuration list for PBXProject "SyphonVirtualScreen" */ = {
			isa = XCConfigurationList;
			buildConfigurations = (
				1DEB91DE08733DB10010E9CD /* Debug */,
				1DEB91DF08733DB10010E9CD /* Release */,
			);
			defaultConfigurationIsVisible = 0;
			defaultConfigurationName = Release;
		};
		96614EB110E93AC50066624E /* Build configuration list for PBXAggregateTarget "All" */ = {
			isa = XCConfigurationList;
			buildConfigurations = (
				96614E9D10E93A820066624E /* Debug */,
				96614E9E10E93A820066624E /* Release */,
			);
			defaultConfigurationIsVisible = 0;
			defaultConfigurationName = Release;
		};
		CD7C8CB2151B8EE600A85955 /* Build configuration list for PBXNativeTarget "Syphon Virtual Screen (Snow Leopard)" */ = {
			isa = XCConfigurationList;
			buildConfigurations = (
				CD7C8CB3151B8EE600A85955 /* Debug */,
				CD7C8CB4151B8EE600A85955 /* Release */,
			);
			defaultConfigurationIsVisible = 0;
			defaultConfigurationName = Release;
		};
/* End XCConfigurationList section */
	};
	rootObject = 089C1669FE841209C02AAC07 /* Project object */;
}
