// !$*UTF8*$!
{
	archiveVersion = 1;
	classes = {
	};
	objectVersion = 46;
	objects = {

/* Begin PBXAggregateTarget section */
		96614E9C10E93A820066624E /* All */ = {
			isa = PBXAggregateTarget;
			buildConfigurationList = 96614EB110E93AC50066624E /* Build configuration list for PBXAggregateTarget "All" */;
			buildPhases = (
			);
			dependencies = (
				96614EA010E93A880066624E /* PBXTargetDependency */,
				96614EA210E93A880066624E /* PBXTargetDependency */,
			);
			name = All;
			productName = All;
		};
/* End PBXAggregateTarget section */

/* Begin PBXBuildFile section */
		32D94FC60562CBF700B6AF17 /* EWProxyFrameBufferDriver.h in Headers */ = {isa = PBXBuildFile; fileRef = 1A224C3EFF42367911CA2CB7 /* EWProxyFrameBufferDriver.h */; };
		32D94FC80562CBF700B6AF17 /* EWProxyFramebuffer-InfoPlist.strings in Resources */ = {isa = PBXBuildFile; fileRef = 089C167DFE841241C02AAC07 /* EWProxyFramebuffer-InfoPlist.strings */; };
		32D94FCA0562CBF700B6AF17 /* EWProxyFrameBufferDriver.cpp in Sources */ = {isa = PBXBuildFile; fileRef = 1A224C3FFF42367911CA2CB7 /* EWProxyFrameBufferDriver.cpp */; settings = {ATTRIBUTES = (); }; };
		96614CC510E91A270066624E /* EWProxyFrameBufferClient.h in Headers */ = {isa = PBXBuildFile; fileRef = 96614CC110E91A270066624E /* EWProxyFrameBufferClient.h */; };
		96614CC610E91A270066624E /* EWProxyFrameBufferClient.cpp in Sources */ = {isa = PBXBuildFile; fileRef = 96614CC210E91A270066624E /* EWProxyFrameBufferClient.cpp */; };
		96614CC710E91A270066624E /* EWProxyFrameBufferFBuffer.h in Headers */ = {isa = PBXBuildFile; fileRef = 96614CC310E91A270066624E /* EWProxyFrameBufferFBuffer.h */; };
		96614CC810E91A270066624E /* EWProxyFrameBufferFBuffer.cpp in Sources */ = {isa = PBXBuildFile; fileRef = 96614CC410E91A270066624E /* EWProxyFrameBufferFBuffer.cpp */; };
		96614D1B10E91E6D0066624E /* IOKit in Resources */ = {isa = PBXBuildFile; fileRef = 96614D1610E91E6D0066624E /* IOKit */; };
		96614DAD10E92DC40066624E /* EWProxyFrameBuffer.h in Headers */ = {isa = PBXBuildFile; fileRef = 96614CBE10E919F30066624E /* EWProxyFrameBuffer.h */; settings = {ATTRIBUTES = (Public, ); }; };
		96614DAE10E92DCA0066624E /* EWProxyFrameBuffer.m in Sources */ = {isa = PBXBuildFile; fileRef = 96614D9F10E92D7D0066624E /* EWProxyFrameBuffer.m */; };
		96614DB610E92E050066624E /* IOKit.framework in Frameworks */ = {isa = PBXBuildFile; fileRef = 96614DB510E92E050066624E /* IOKit.framework */; };
		96614E0B10E9307A0066624E /* EWSyphonProxyFrameBufferConnection.framework in Frameworks */ = {isa = PBXBuildFile; fileRef = 96614DA810E92DB70066624E /* EWSyphonProxyFrameBufferConnection.framework */; };
		96614E0E10E9309A0066624E /* UIMainDialog.m in Sources */ = {isa = PBXBuildFile; fileRef = 96614DFC10E930360066624E /* UIMainDialog.m */; };
		96614E0F10E9309A0066624E /* main.m in Sources */ = {isa = PBXBuildFile; fileRef = 96614DFD10E930410066624E /* main.m */; };
		96614E1110E930BD0066624E /* MainMenu.xib in Resources */ = {isa = PBXBuildFile; fileRef = 96614DFF10E9305C0066624E /* MainMenu.xib */; };
		96614E1310E930D00066624E /* AppKit.framework in Frameworks */ = {isa = PBXBuildFile; fileRef = 96614E1210E930D00066624E /* AppKit.framework */; };
		96614E1510E930D00066624E /* Cocoa.framework in Frameworks */ = {isa = PBXBuildFile; fileRef = 96614E1410E930D00066624E /* Cocoa.framework */; };
		96614E2110E931040066624E /* Foundation.framework in Frameworks */ = {isa = PBXBuildFile; fileRef = 96614E2010E931040066624E /* Foundation.framework */; };
		96614E2B10E931260066624E /* EWSyphonProxyFrameBufferConnection.framework in Copy Frameworks */ = {isa = PBXBuildFile; fileRef = 96614DA810E92DB70066624E /* EWSyphonProxyFrameBufferConnection.framework */; };
		96614E7510E933640066624E /* IOKit.framework in Frameworks */ = {isa = PBXBuildFile; fileRef = 96614DB510E92E050066624E /* IOKit.framework */; };
		CD7F7847151A3D5C00EEE064 /* SenTestingKit.framework in Frameworks */ = {isa = PBXBuildFile; fileRef = CD7F7846151A3D5C00EEE064 /* SenTestingKit.framework */; };
		CD7F7848151A3D5C00EEE064 /* Cocoa.framework in Frameworks */ = {isa = PBXBuildFile; fileRef = CD7F7828151A3D5B00EEE064 /* Cocoa.framework */; };
		CD7F7850151A3D5C00EEE064 /* InfoPlist.strings in Resources */ = {isa = PBXBuildFile; fileRef = CD7F784E151A3D5C00EEE064 /* InfoPlist.strings */; };
		CD7F7853151A3D5C00EEE064 /* EWSyphonVirtualScreenTests.m in Sources */ = {isa = PBXBuildFile; fileRef = CD7F7852151A3D5C00EEE064 /* EWSyphonVirtualScreenTests.m */; };
/* End PBXBuildFile section */

/* Begin PBXContainerItemProxy section */
		96614E1C10E930D60066624E /* PBXContainerItemProxy */ = {
			isa = PBXContainerItemProxy;
			containerPortal = 089C1669FE841209C02AAC07 /* Project object */;
			proxyType = 1;
			remoteGlobalIDString = 96614DA710E92DB70066624E;
			remoteInfo = EWProxyFrameBufferConnection;
		};
		96614E9F10E93A880066624E /* PBXContainerItemProxy */ = {
			isa = PBXContainerItemProxy;
			containerPortal = 089C1669FE841209C02AAC07 /* Project object */;
			proxyType = 1;
			remoteGlobalIDString = 32D94FC30562CBF700B6AF17;
			remoteInfo = EWProxyFrameBuffer;
		};
		96614EA110E93A880066624E /* PBXContainerItemProxy */ = {
			isa = PBXContainerItemProxy;
			containerPortal = 089C1669FE841209C02AAC07 /* Project object */;
			proxyType = 1;
			remoteGlobalIDString = 96614DA710E92DB70066624E;
			remoteInfo = EWProxyFrameBufferConnection;
		};
/* End PBXContainerItemProxy section */

/* Begin PBXCopyFilesBuildPhase section */
		96614E3210E931340066624E /* Copy Frameworks */ = {
			isa = PBXCopyFilesBuildPhase;
			buildActionMask = 2147483647;
			dstPath = "";
			dstSubfolderSpec = 10;
			files = (
				96614E2B10E931260066624E /* EWSyphonProxyFrameBufferConnection.framework in Copy Frameworks */,
			);
			name = "Copy Frameworks";
			runOnlyForDeploymentPostprocessing = 0;
		};
/* End PBXCopyFilesBuildPhase section */

/* Begin PBXFileReference section */
		089C167EFE841241C02AAC07 /* English */ = {isa = PBXFileReference; fileEncoding = 4; lastKnownFileType = text.plist.strings; name = English; path = "English.lproj/EWProxyFramebuffer-InfoPlist.strings"; sourceTree = "<group>"; };
		1A224C3EFF42367911CA2CB7 /* EWProxyFrameBufferDriver.h */ = {isa = PBXFileReference; fileEncoding = 4; lastKnownFileType = sourcecode.c.h; path = EWProxyFrameBufferDriver.h; sourceTree = "<group>"; };
		1A224C3FFF42367911CA2CB7 /* EWProxyFrameBufferDriver.cpp */ = {isa = PBXFileReference; fileEncoding = 4; lastKnownFileType = sourcecode.cpp.cpp; path = EWProxyFrameBufferDriver.cpp; sourceTree = "<group>"; };
		32D94FCF0562CBF700B6AF17 /* EWProxyFramebuffer-Info.plist */ = {isa = PBXFileReference; lastKnownFileType = text.plist.xml; path = "EWProxyFramebuffer-Info.plist"; sourceTree = "<group>"; };
		32D94FD00562CBF700B6AF17 /* EWProxyFrameBuffer.kext */ = {isa = PBXFileReference; explicitFileType = wrapper.cfbundle; includeInIndex = 0; path = EWProxyFrameBuffer.kext; sourceTree = BUILT_PRODUCTS_DIR; };
		8DA8362C06AD9B9200E5AC22 /* Kernel.framework */ = {isa = PBXFileReference; lastKnownFileType = wrapper.framework; name = Kernel.framework; path = /System/Library/Frameworks/Kernel.framework; sourceTree = "<absolute>"; };
		96614CBE10E919F30066624E /* EWProxyFrameBuffer.h */ = {isa = PBXFileReference; fileEncoding = 4; lastKnownFileType = sourcecode.c.h; path = EWProxyFrameBuffer.h; sourceTree = "<group>"; };
		96614CC110E91A270066624E /* EWProxyFrameBufferClient.h */ = {isa = PBXFileReference; fileEncoding = 4; lastKnownFileType = sourcecode.c.h; path = EWProxyFrameBufferClient.h; sourceTree = "<group>"; };
		96614CC210E91A270066624E /* EWProxyFrameBufferClient.cpp */ = {isa = PBXFileReference; fileEncoding = 4; lastKnownFileType = sourcecode.cpp.cpp; path = EWProxyFrameBufferClient.cpp; sourceTree = "<group>"; };
		96614CC310E91A270066624E /* EWProxyFrameBufferFBuffer.h */ = {isa = PBXFileReference; fileEncoding = 4; lastKnownFileType = sourcecode.c.h; path = EWProxyFrameBufferFBuffer.h; sourceTree = "<group>"; };
		96614CC410E91A270066624E /* EWProxyFrameBufferFBuffer.cpp */ = {isa = PBXFileReference; fileEncoding = 4; lastKnownFileType = sourcecode.cpp.cpp; path = EWProxyFrameBufferFBuffer.cpp; sourceTree = "<group>"; };
		96614D1610E91E6D0066624E /* IOKit */ = {isa = PBXFileReference; lastKnownFileType = folder; path = IOKit; sourceTree = "<group>"; };
		96614D9F10E92D7D0066624E /* EWProxyFrameBuffer.m */ = {isa = PBXFileReference; fileEncoding = 4; lastKnownFileType = sourcecode.c.objc; path = EWProxyFrameBuffer.m; sourceTree = "<group>"; };
		96614DA810E92DB70066624E /* EWSyphonProxyFrameBufferConnection.framework */ = {isa = PBXFileReference; explicitFileType = wrapper.framework; includeInIndex = 0; path = EWSyphonProxyFrameBufferConnection.framework; sourceTree = BUILT_PRODUCTS_DIR; };
		96614DA910E92DB70066624E /* EWSyphonProxyFrameBufferConnection-Info.plist */ = {isa = PBXFileReference; lastKnownFileType = text.plist.xml; path = "EWSyphonProxyFrameBufferConnection-Info.plist"; sourceTree = "<group>"; };
		96614DB510E92E050066624E /* IOKit.framework */ = {isa = PBXFileReference; lastKnownFileType = wrapper.framework; name = IOKit.framework; path = System/Library/Frameworks/IOKit.framework; sourceTree = SDKROOT; };
		96614DFB10E930360066624E /* UIMainDialog.h */ = {isa = PBXFileReference; fileEncoding = 4; lastKnownFileType = sourcecode.c.h; path = UIMainDialog.h; sourceTree = "<group>"; };
		96614DFC10E930360066624E /* UIMainDialog.m */ = {isa = PBXFileReference; fileEncoding = 4; lastKnownFileType = sourcecode.c.objc; path = UIMainDialog.m; sourceTree = "<group>"; };
		96614DFD10E930410066624E /* main.m */ = {isa = PBXFileReference; fileEncoding = 4; lastKnownFileType = sourcecode.c.objc; path = main.m; sourceTree = "<group>"; };
		96614DFE10E9304C0066624E /* EWProxyframeBufferApp-Info.plist */ = {isa = PBXFileReference; fileEncoding = 4; lastKnownFileType = text.plist.xml; path = "EWProxyframeBufferApp-Info.plist"; sourceTree = "<group>"; };
		96614E0010E9305C0066624E /* English */ = {isa = PBXFileReference; lastKnownFileType = file.xib; name = English; path = English.lproj/MainMenu.xib; sourceTree = "<group>"; };
		96614E0510E930720066624E /* EWProxyframeBufferApp.app */ = {isa = PBXFileReference; explicitFileType = wrapper.application; includeInIndex = 0; path = EWProxyframeBufferApp.app; sourceTree = BUILT_PRODUCTS_DIR; };
		96614E1210E930D00066624E /* AppKit.framework */ = {isa = PBXFileReference; lastKnownFileType = wrapper.framework; name = AppKit.framework; path = System/Library/Frameworks/AppKit.framework; sourceTree = SDKROOT; };
		96614E1410E930D00066624E /* Cocoa.framework */ = {isa = PBXFileReference; lastKnownFileType = wrapper.framework; name = Cocoa.framework; path = System/Library/Frameworks/Cocoa.framework; sourceTree = SDKROOT; };
		96614E2010E931040066624E /* Foundation.framework */ = {isa = PBXFileReference; lastKnownFileType = wrapper.framework; name = Foundation.framework; path = System/Library/Frameworks/Foundation.framework; sourceTree = SDKROOT; };
		966A60D410F880060054EA7B /* APPLE_LICENSE */ = {isa = PBXFileReference; fileEncoding = 4; lastKnownFileType = text; path = APPLE_LICENSE; sourceTree = "<group>"; };
		966A60D510F880060054EA7B /* LICENSE */ = {isa = PBXFileReference; fileEncoding = 4; lastKnownFileType = text; path = LICENSE; sourceTree = "<group>"; };
		966A60D610F880060054EA7B /* README */ = {isa = PBXFileReference; fileEncoding = 4; lastKnownFileType = text; path = README; sourceTree = "<group>"; };
		CD7C8CB7151B8EE600A85955 /* EWSyphonVirtualScreen copy-Info.plist */ = {isa = PBXFileReference; lastKnownFileType = text.plist.xml; name = "EWSyphonVirtualScreen copy-Info.plist"; path = "/Users/andreacremaschi/Developing/My Source/EWProxyFramebuffer/EWSyphonVirtualScreen copy-Info.plist"; sourceTree = "<absolute>"; };
		CD7F7828151A3D5B00EEE064 /* Cocoa.framework */ = {isa = PBXFileReference; lastKnownFileType = wrapper.framework; name = Cocoa.framework; path = System/Library/Frameworks/Cocoa.framework; sourceTree = SDKROOT; };
		CD7F782B151A3D5B00EEE064 /* AppKit.framework */ = {isa = PBXFileReference; lastKnownFileType = wrapper.framework; name = AppKit.framework; path = System/Library/Frameworks/AppKit.framework; sourceTree = SDKROOT; };
		CD7F782C151A3D5B00EEE064 /* CoreData.framework */ = {isa = PBXFileReference; lastKnownFileType = wrapper.framework; name = CoreData.framework; path = System/Library/Frameworks/CoreData.framework; sourceTree = SDKROOT; };
		CD7F782D151A3D5B00EEE064 /* Foundation.framework */ = {isa = PBXFileReference; lastKnownFileType = wrapper.framework; name = Foundation.framework; path = System/Library/Frameworks/Foundation.framework; sourceTree = SDKROOT; };
		CD7F7845151A3D5C00EEE064 /* EWSyphonVirtualScreenTests.octest */ = {isa = PBXFileReference; explicitFileType = wrapper.cfbundle; includeInIndex = 0; path = EWSyphonVirtualScreenTests.octest; sourceTree = BUILT_PRODUCTS_DIR; };
		CD7F7846151A3D5C00EEE064 /* SenTestingKit.framework */ = {isa = PBXFileReference; lastKnownFileType = wrapper.framework; name = SenTestingKit.framework; path = Library/Frameworks/SenTestingKit.framework; sourceTree = DEVELOPER_DIR; };
		CD7F784D151A3D5C00EEE064 /* EWSyphonVirtualScreenTests-Info.plist */ = {isa = PBXFileReference; lastKnownFileType = text.plist.xml; path = "EWSyphonVirtualScreenTests-Info.plist"; sourceTree = "<group>"; };
		CD7F784F151A3D5C00EEE064 /* en */ = {isa = PBXFileReference; lastKnownFileType = text.plist.strings; name = en; path = en.lproj/InfoPlist.strings; sourceTree = "<group>"; };
		CD7F7851151A3D5C00EEE064 /* EWSyphonVirtualScreenTests.h */ = {isa = PBXFileReference; lastKnownFileType = sourcecode.c.h; path = EWSyphonVirtualScreenTests.h; sourceTree = "<group>"; };
		CD7F7852151A3D5C00EEE064 /* EWSyphonVirtualScreenTests.m */ = {isa = PBXFileReference; lastKnownFileType = sourcecode.c.objc; path = EWSyphonVirtualScreenTests.m; sourceTree = "<group>"; };
/* End PBXFileReference section */

/* Begin PBXFrameworksBuildPhase section */
		32D94FCB0562CBF700B6AF17 /* Frameworks */ = {
			isa = PBXFrameworksBuildPhase;
			buildActionMask = 2147483647;
			files = (
			);
			runOnlyForDeploymentPostprocessing = 0;
		};
		96614DA610E92DB70066624E /* Frameworks */ = {
			isa = PBXFrameworksBuildPhase;
			buildActionMask = 2147483647;
			files = (
				96614DB610E92E050066624E /* IOKit.framework in Frameworks */,
			);
			runOnlyForDeploymentPostprocessing = 0;
		};
		96614E0310E930720066624E /* Frameworks */ = {
			isa = PBXFrameworksBuildPhase;
			buildActionMask = 2147483647;
			files = (
				96614E0B10E9307A0066624E /* EWSyphonProxyFrameBufferConnection.framework in Frameworks */,
				96614E1310E930D00066624E /* AppKit.framework in Frameworks */,
				96614E1510E930D00066624E /* Cocoa.framework in Frameworks */,
				96614E2110E931040066624E /* Foundation.framework in Frameworks */,
				96614E7510E933640066624E /* IOKit.framework in Frameworks */,
			);
			runOnlyForDeploymentPostprocessing = 0;
		};
		CD7F7841151A3D5C00EEE064 /* Frameworks */ = {
			isa = PBXFrameworksBuildPhase;
			buildActionMask = 2147483647;
			files = (
				CD7F7847151A3D5C00EEE064 /* SenTestingKit.framework in Frameworks */,
				CD7F7848151A3D5C00EEE064 /* Cocoa.framework in Frameworks */,
			);
			runOnlyForDeploymentPostprocessing = 0;
		};
/* End PBXFrameworksBuildPhase section */

/* Begin PBXGroup section */
		089C166AFE841209C02AAC07 /* EWProxyFrameBuffer */ = {
			isa = PBXGroup;
			children = (
				96614DF610E92FEC0066624E /* ProxyFrameBufferApp */,
				96614D1610E91E6D0066624E /* IOKit */,
				96614CBD10E919D90066624E /* EWProxyFrameBuffer framework */,
				96614C9810E9040C0066624E /* EWProxyFrameBuffer kext */,
				CD7F784B151A3D5C00EEE064 /* EWSyphonVirtualScreenTests */,
				CD7F7827151A3D5B00EEE064 /* Frameworks */,
				19C28FB6FE9D52B211CA2CBB /* Products */,
				966A60D410F880060054EA7B /* APPLE_LICENSE */,
				966A60D510F880060054EA7B /* LICENSE */,
				966A60D610F880060054EA7B /* README */,
				CD7C8CB7151B8EE600A85955 /* EWSyphonVirtualScreen copy-Info.plist */,
			);
			name = EWProxyFrameBuffer;
			sourceTree = "<group>";
		};
		089C167CFE841241C02AAC07 /* Resources */ = {
			isa = PBXGroup;
			children = (
				32D94FCF0562CBF700B6AF17 /* EWProxyFramebuffer-Info.plist */,
				089C167DFE841241C02AAC07 /* EWProxyFramebuffer-InfoPlist.strings */,
			);
			name = Resources;
			sourceTree = "<group>";
		};
		19C28FB6FE9D52B211CA2CBB /* Products */ = {
			isa = PBXGroup;
			children = (
				32D94FD00562CBF700B6AF17 /* EWProxyFrameBuffer.kext */,
				96614DA810E92DB70066624E /* EWSyphonProxyFrameBufferConnection.framework */,
				96614E0510E930720066624E /* EWProxyframeBufferApp.app */,
				CD7F7845151A3D5C00EEE064 /* EWSyphonVirtualScreenTests.octest */,
			);
			name = Products;
			sourceTree = "<group>";
		};
		247142CAFF3F8F9811CA285C /* Source */ = {
			isa = PBXGroup;
			children = (
				96614CC110E91A270066624E /* EWProxyFrameBufferClient.h */,
				96614CC210E91A270066624E /* EWProxyFrameBufferClient.cpp */,
				96614CC310E91A270066624E /* EWProxyFrameBufferFBuffer.h */,
				96614CC410E91A270066624E /* EWProxyFrameBufferFBuffer.cpp */,
				1A224C3EFF42367911CA2CB7 /* EWProxyFrameBufferDriver.h */,
				1A224C3FFF42367911CA2CB7 /* EWProxyFrameBufferDriver.cpp */,
			);
			name = Source;
			sourceTree = "<group>";
		};
		96614C9810E9040C0066624E /* EWProxyFrameBuffer kext */ = {
			isa = PBXGroup;
			children = (
				247142CAFF3F8F9811CA285C /* Source */,
				089C167CFE841241C02AAC07 /* Resources */,
				CD7C8CBA151BB63200A85955 /* Frameworks */,
			);
			name = "EWProxyFrameBuffer kext";
			sourceTree = "<group>";
		};
		96614CBD10E919D90066624E /* EWProxyFrameBuffer framework */ = {
			isa = PBXGroup;
			children = (
				96614DB510E92E050066624E /* IOKit.framework */,
				96614CBE10E919F30066624E /* EWProxyFrameBuffer.h */,
				96614D9F10E92D7D0066624E /* EWProxyFrameBuffer.m */,
				96614DA910E92DB70066624E /* EWSyphonProxyFrameBufferConnection-Info.plist */,
			);
			name = "EWProxyFrameBuffer framework";
			sourceTree = "<group>";
		};
		96614DF610E92FEC0066624E /* ProxyFrameBufferApp */ = {
			isa = PBXGroup;
			children = (
				96614E2010E931040066624E /* Foundation.framework */,
				96614E1210E930D00066624E /* AppKit.framework */,
				96614E1410E930D00066624E /* Cocoa.framework */,
				96614DF810E9300F0066624E /* Classes */,
				96614DF910E930170066624E /* Other Sources */,
				96614DFA10E9301D0066624E /* Resources */,
			);
			name = ProxyFrameBufferApp;
			sourceTree = "<group>";
		};
		96614DF810E9300F0066624E /* Classes */ = {
			isa = PBXGroup;
			children = (
				96614DFB10E930360066624E /* UIMainDialog.h */,
				96614DFC10E930360066624E /* UIMainDialog.m */,
			);
			name = Classes;
			sourceTree = "<group>";
		};
		96614DF910E930170066624E /* Other Sources */ = {
			isa = PBXGroup;
			children = (
				96614DFD10E930410066624E /* main.m */,
			);
			name = "Other Sources";
			sourceTree = "<group>";
		};
		96614DFA10E9301D0066624E /* Resources */ = {
			isa = PBXGroup;
			children = (
				96614DFE10E9304C0066624E /* EWProxyframeBufferApp-Info.plist */,
				96614DFF10E9305C0066624E /* MainMenu.xib */,
			);
			name = Resources;
			sourceTree = "<group>";
		};
		CD7C8CBA151BB63200A85955 /* Frameworks */ = {
			isa = PBXGroup;
			children = (
				8DA8362C06AD9B9200E5AC22 /* Kernel.framework */,
			);
			name = Frameworks;
			sourceTree = "<group>";
		};
		CD7F7827151A3D5B00EEE064 /* Frameworks */ = {
			isa = PBXGroup;
			children = (
				CD7F7828151A3D5B00EEE064 /* Cocoa.framework */,
				CD7F7846151A3D5C00EEE064 /* SenTestingKit.framework */,
				CD7F782A151A3D5B00EEE064 /* Other Frameworks */,
			);
			name = Frameworks;
			sourceTree = "<group>";
		};
		CD7F782A151A3D5B00EEE064 /* Other Frameworks */ = {
			isa = PBXGroup;
			children = (
				CD7F782B151A3D5B00EEE064 /* AppKit.framework */,
				CD7F782C151A3D5B00EEE064 /* CoreData.framework */,
				CD7F782D151A3D5B00EEE064 /* Foundation.framework */,
			);
			name = "Other Frameworks";
			sourceTree = "<group>";
		};
		CD7F784B151A3D5C00EEE064 /* EWSyphonVirtualScreenTests */ = {
			isa = PBXGroup;
			children = (
				CD7F7851151A3D5C00EEE064 /* EWSyphonVirtualScreenTests.h */,
				CD7F7852151A3D5C00EEE064 /* EWSyphonVirtualScreenTests.m */,
				CD7F784C151A3D5C00EEE064 /* Supporting Files */,
			);
			path = EWSyphonVirtualScreenTests;
			sourceTree = "<group>";
		};
		CD7F784C151A3D5C00EEE064 /* Supporting Files */ = {
			isa = PBXGroup;
			children = (
				CD7F784D151A3D5C00EEE064 /* EWSyphonVirtualScreenTests-Info.plist */,
				CD7F784E151A3D5C00EEE064 /* InfoPlist.strings */,
			);
			name = "Supporting Files";
			sourceTree = "<group>";
		};
/* End PBXGroup section */

/* Begin PBXHeadersBuildPhase section */
		32D94FC50562CBF700B6AF17 /* Headers */ = {
			isa = PBXHeadersBuildPhase;
			buildActionMask = 2147483647;
			files = (
				32D94FC60562CBF700B6AF17 /* EWProxyFrameBufferDriver.h in Headers */,
				96614CC510E91A270066624E /* EWProxyFrameBufferClient.h in Headers */,
				96614CC710E91A270066624E /* EWProxyFrameBufferFBuffer.h in Headers */,
			);
			runOnlyForDeploymentPostprocessing = 0;
		};
		96614DA310E92DB70066624E /* Headers */ = {
			isa = PBXHeadersBuildPhase;
			buildActionMask = 2147483647;
			files = (
				96614DAD10E92DC40066624E /* EWProxyFrameBuffer.h in Headers */,
			);
			runOnlyForDeploymentPostprocessing = 0;
		};
/* End PBXHeadersBuildPhase section */

/* Begin PBXNativeTarget section */
		32D94FC30562CBF700B6AF17 /* EWSyphonProxyFrameBuffer */ = {
			isa = PBXNativeTarget;
			buildConfigurationList = 1DEB91D908733DB10010E9CD /* Build configuration list for PBXNativeTarget "EWSyphonProxyFrameBuffer" */;
			buildPhases = (
				32D94FC50562CBF700B6AF17 /* Headers */,
				32D94FC70562CBF700B6AF17 /* Resources */,
				32D94FC90562CBF700B6AF17 /* Sources */,
				32D94FCB0562CBF700B6AF17 /* Frameworks */,
				32D94FCC0562CBF700B6AF17 /* Rez */,
			);
			buildRules = (
			);
			dependencies = (
			);
			name = EWSyphonProxyFrameBuffer;
			productInstallPath = "$(SYSTEM_LIBRARY_DIR)/Extensions";
			productName = EWProxyFrameBuffer;
			productReference = 32D94FD00562CBF700B6AF17 /* EWProxyFrameBuffer.kext */;
			productType = "com.apple.product-type.kernel-extension.iokit";
		};
		96614DA710E92DB70066624E /* EWSyphonProxyFrameBufferConnection */ = {
			isa = PBXNativeTarget;
			buildConfigurationList = 96614DAC10E92DB80066624E /* Build configuration list for PBXNativeTarget "EWSyphonProxyFrameBufferConnection" */;
			buildPhases = (
				96614DA310E92DB70066624E /* Headers */,
				96614DA410E92DB70066624E /* Resources */,
				96614DA510E92DB70066624E /* Sources */,
				96614DA610E92DB70066624E /* Frameworks */,
			);
			buildRules = (
			);
			dependencies = (
			);
			name = EWSyphonProxyFrameBufferConnection;
			productName = EWProxyFrameBufferConnection;
			productReference = 96614DA810E92DB70066624E /* EWSyphonProxyFrameBufferConnection.framework */;
			productType = "com.apple.product-type.framework";
		};
		96614E0410E930720066624E /* EWProxyframeBufferApp */ = {
			isa = PBXNativeTarget;
			buildConfigurationList = 96614E0A10E930740066624E /* Build configuration list for PBXNativeTarget "EWProxyframeBufferApp" */;
			buildPhases = (
				96614E0110E930720066624E /* Resources */,
				96614E0210E930720066624E /* Sources */,
				96614E0310E930720066624E /* Frameworks */,
				96614E3210E931340066624E /* Copy Frameworks */,
			);
			buildRules = (
			);
			dependencies = (
				96614E1D10E930D60066624E /* PBXTargetDependency */,
			);
			name = EWProxyframeBufferApp;
			productName = EWProxyframeBufferApp;
			productReference = 96614E0510E930720066624E /* EWProxyframeBufferApp.app */;
			productType = "com.apple.product-type.application";
		};
		CD7F7844151A3D5C00EEE064 /* EWSyphonVirtualScreenTests */ = {
			isa = PBXNativeTarget;
			buildConfigurationList = CD7F7859151A3D5C00EEE064 /* Build configuration list for PBXNativeTarget "EWSyphonVirtualScreenTests" */;
			buildPhases = (
				CD7F7840151A3D5C00EEE064 /* Sources */,
				CD7F7841151A3D5C00EEE064 /* Frameworks */,
				CD7F7842151A3D5C00EEE064 /* Resources */,
				CD7F7843151A3D5C00EEE064 /* ShellScript */,
			);
			buildRules = (
			);
			dependencies = (
			);
			name = EWSyphonVirtualScreenTests;
			productName = EWSyphonVirtualScreenTests;
			productReference = CD7F7845151A3D5C00EEE064 /* EWSyphonVirtualScreenTests.octest */;
			productType = "com.apple.product-type.bundle";
		};
/* End PBXNativeTarget section */

/* Begin PBXProject section */
		089C1669FE841209C02AAC07 /* Project object */ = {
			isa = PBXProject;
			attributes = {
				LastUpgradeCheck = 0430;
			};
			buildConfigurationList = 1DEB91DD08733DB10010E9CD /* Build configuration list for PBXProject "EWSyphonProxyFrameBuffer" */;
			compatibilityVersion = "Xcode 3.2";
			developmentRegion = English;
			hasScannedForEncodings = 1;
			knownRegions = (
				en,
			);
			mainGroup = 089C166AFE841209C02AAC07 /* EWProxyFrameBuffer */;
			projectDirPath = "";
			projectRoot = "";
			targets = (
				32D94FC30562CBF700B6AF17 /* EWSyphonProxyFrameBuffer */,
				96614DA710E92DB70066624E /* EWSyphonProxyFrameBufferConnection */,
				96614E0410E930720066624E /* EWProxyframeBufferApp */,
				96614E9C10E93A820066624E /* All */,
				CD7F7844151A3D5C00EEE064 /* EWSyphonVirtualScreenTests */,
			);
		};
/* End PBXProject section */

/* Begin PBXResourcesBuildPhase section */
		32D94FC70562CBF700B6AF17 /* Resources */ = {
			isa = PBXResourcesBuildPhase;
			buildActionMask = 2147483647;
			files = (
				32D94FC80562CBF700B6AF17 /* EWProxyFramebuffer-InfoPlist.strings in Resources */,
				96614D1B10E91E6D0066624E /* IOKit in Resources */,
			);
			runOnlyForDeploymentPostprocessing = 0;
		};
		96614DA410E92DB70066624E /* Resources */ = {
			isa = PBXResourcesBuildPhase;
			buildActionMask = 2147483647;
			files = (
			);
			runOnlyForDeploymentPostprocessing = 0;
		};
		96614E0110E930720066624E /* Resources */ = {
			isa = PBXResourcesBuildPhase;
			buildActionMask = 2147483647;
			files = (
				96614E1110E930BD0066624E /* MainMenu.xib in Resources */,
			);
			runOnlyForDeploymentPostprocessing = 0;
		};
		CD7F7842151A3D5C00EEE064 /* Resources */ = {
			isa = PBXResourcesBuildPhase;
			buildActionMask = 2147483647;
			files = (
				CD7F7850151A3D5C00EEE064 /* InfoPlist.strings in Resources */,
			);
			runOnlyForDeploymentPostprocessing = 0;
		};
/* End PBXResourcesBuildPhase section */

/* Begin PBXRezBuildPhase section */
		32D94FCC0562CBF700B6AF17 /* Rez */ = {
			isa = PBXRezBuildPhase;
			buildActionMask = 2147483647;
			files = (
			);
			runOnlyForDeploymentPostprocessing = 0;
		};
/* End PBXRezBuildPhase section */

/* Begin PBXShellScriptBuildPhase section */
		CD7F7843151A3D5C00EEE064 /* ShellScript */ = {
			isa = PBXShellScriptBuildPhase;
			buildActionMask = 2147483647;
			files = (
			);
			inputPaths = (
			);
			outputPaths = (
			);
			runOnlyForDeploymentPostprocessing = 0;
			shellPath = /bin/sh;
			shellScript = "# Run the unit tests in this test bundle.\n\"${SYSTEM_DEVELOPER_DIR}/Tools/RunUnitTests\"\n";
		};
/* End PBXShellScriptBuildPhase section */

/* Begin PBXSourcesBuildPhase section */
		32D94FC90562CBF700B6AF17 /* Sources */ = {
			isa = PBXSourcesBuildPhase;
			buildActionMask = 2147483647;
			files = (
				32D94FCA0562CBF700B6AF17 /* EWProxyFrameBufferDriver.cpp in Sources */,
				96614CC610E91A270066624E /* EWProxyFrameBufferClient.cpp in Sources */,
				96614CC810E91A270066624E /* EWProxyFrameBufferFBuffer.cpp in Sources */,
			);
			runOnlyForDeploymentPostprocessing = 0;
		};
		96614DA510E92DB70066624E /* Sources */ = {
			isa = PBXSourcesBuildPhase;
			buildActionMask = 2147483647;
			files = (
				96614DAE10E92DCA0066624E /* EWProxyFrameBuffer.m in Sources */,
			);
			runOnlyForDeploymentPostprocessing = 0;
		};
		96614E0210E930720066624E /* Sources */ = {
			isa = PBXSourcesBuildPhase;
			buildActionMask = 2147483647;
			files = (
				96614E0E10E9309A0066624E /* UIMainDialog.m in Sources */,
				96614E0F10E9309A0066624E /* main.m in Sources */,
			);
			runOnlyForDeploymentPostprocessing = 0;
		};
		CD7F7840151A3D5C00EEE064 /* Sources */ = {
			isa = PBXSourcesBuildPhase;
			buildActionMask = 2147483647;
			files = (
				CD7F7853151A3D5C00EEE064 /* EWSyphonVirtualScreenTests.m in Sources */,
			);
			runOnlyForDeploymentPostprocessing = 0;
		};
/* End PBXSourcesBuildPhase section */

/* Begin PBXTargetDependency section */
		96614E1D10E930D60066624E /* PBXTargetDependency */ = {
			isa = PBXTargetDependency;
			target = 96614DA710E92DB70066624E /* EWSyphonProxyFrameBufferConnection */;
			targetProxy = 96614E1C10E930D60066624E /* PBXContainerItemProxy */;
		};
		96614EA010E93A880066624E /* PBXTargetDependency */ = {
			isa = PBXTargetDependency;
			target = 32D94FC30562CBF700B6AF17 /* EWSyphonProxyFrameBuffer */;
			targetProxy = 96614E9F10E93A880066624E /* PBXContainerItemProxy */;
		};
		96614EA210E93A880066624E /* PBXTargetDependency */ = {
			isa = PBXTargetDependency;
			target = 96614DA710E92DB70066624E /* EWSyphonProxyFrameBufferConnection */;
			targetProxy = 96614EA110E93A880066624E /* PBXContainerItemProxy */;
		};
/* End PBXTargetDependency section */

/* Begin PBXVariantGroup section */
		089C167DFE841241C02AAC07 /* EWProxyFramebuffer-InfoPlist.strings */ = {
			isa = PBXVariantGroup;
			children = (
				089C167EFE841241C02AAC07 /* English */,
			);
			name = "EWProxyFramebuffer-InfoPlist.strings";
			sourceTree = "<group>";
		};
		96614DFF10E9305C0066624E /* MainMenu.xib */ = {
			isa = PBXVariantGroup;
			children = (
				96614E0010E9305C0066624E /* English */,
			);
			name = MainMenu.xib;
			sourceTree = "<group>";
		};
		CD7F784E151A3D5C00EEE064 /* InfoPlist.strings */ = {
			isa = PBXVariantGroup;
			children = (
				CD7F784F151A3D5C00EEE064 /* en */,
			);
			name = InfoPlist.strings;
			sourceTree = "<group>";
		};
/* End PBXVariantGroup section */

/* Begin XCBuildConfiguration section */
		1DEB91DA08733DB10010E9CD /* Debug */ = {
			isa = XCBuildConfiguration;
			buildSettings = {
				ALWAYS_SEARCH_USER_PATHS = NO;
				COPY_PHASE_STRIP = NO;
				CURRENT_PROJECT_VERSION = 1.0.0d1;
				DEBUG_INFORMATION_FORMAT = "dwarf-with-dsym";
				GCC_DYNAMIC_NO_PIC = NO;
				GCC_MODEL_TUNING = G5;
				GCC_OPTIMIZATION_LEVEL = 0;
				GCC_VERSION = com.apple.compilers.llvm.clang.1_0;
				HEADER_SEARCH_PATHS = "\"$(SRCROOT)\"";
				INFOPLIST_FILE = "EWProxyFramebuffer-Info.plist";
				INSTALL_PATH = "$(SYSTEM_LIBRARY_DIR)/Extensions";
				MACOSX_DEPLOYMENT_TARGET = 10.6;
				MODULE_NAME = com.yourcompany.driver.EWProxyFrameBuffer;
				MODULE_VERSION = 1.0.0d1;
				ONLY_ACTIVE_ARCH = NO;
				PRODUCT_NAME = EWSyphonProxyFrameBuffer;
				SDKROOT = macosx10.6;
				VALID_ARCHS = "i386 x86_64";
				WRAPPER_EXTENSION = kext;
			};
			name = Debug;
		};
		1DEB91DB08733DB10010E9CD /* Release */ = {
			isa = XCBuildConfiguration;
			buildSettings = {
				ALWAYS_SEARCH_USER_PATHS = NO;
				CURRENT_PROJECT_VERSION = 1.0.0d1;
				DEBUG_INFORMATION_FORMAT = "dwarf-with-dsym";
				GCC_MODEL_TUNING = G5;
				GCC_VERSION = com.apple.compilers.llvm.clang.1_0;
				HEADER_SEARCH_PATHS = "\"$(SRCROOT)\"";
				INFOPLIST_FILE = "EWProxyFramebuffer-Info.plist";
				INSTALL_PATH = "$(SYSTEM_LIBRARY_DIR)/Extensions";
				MACOSX_DEPLOYMENT_TARGET = 10.6;
				MODULE_NAME = com.yourcompany.driver.EWProxyFrameBuffer;
				MODULE_VERSION = 1.0.0d1;
				PRODUCT_NAME = EWSyphonProxyFrameBuffer;
				SDKROOT = macosx10.6;
				VALID_ARCHS = "i386 x86_64";
				WRAPPER_EXTENSION = kext;
			};
			name = Release;
		};
		1DEB91DE08733DB10010E9CD /* Debug */ = {
			isa = XCBuildConfiguration;
			buildSettings = {
				ARCHS = "$(ARCHS_STANDARD_32_64_BIT)";
				GCC_C_LANGUAGE_STANDARD = gnu99;
				GCC_OPTIMIZATION_LEVEL = 0;
				GCC_WARN_ABOUT_RETURN_TYPE = YES;
				GCC_WARN_UNUSED_VARIABLE = YES;
				ONLY_ACTIVE_ARCH = YES;
				SDKROOT = macosx;
			};
			name = Debug;
		};
		1DEB91DF08733DB10010E9CD /* Release */ = {
			isa = XCBuildConfiguration;
			buildSettings = {
				ARCHS = "$(ARCHS_STANDARD_32_64_BIT)";
				GCC_C_LANGUAGE_STANDARD = gnu99;
				GCC_WARN_ABOUT_RETURN_TYPE = YES;
				GCC_WARN_UNUSED_VARIABLE = YES;
				SDKROOT = macosx;
			};
			name = Release;
		};
		96614DAA10E92DB80066624E /* Debug */ = {
			isa = XCBuildConfiguration;
			buildSettings = {
				ALWAYS_SEARCH_USER_PATHS = NO;
				COPY_PHASE_STRIP = NO;
				DYLIB_COMPATIBILITY_VERSION = 1;
				DYLIB_CURRENT_VERSION = 1;
				FRAMEWORK_VERSION = A;
				GCC_DYNAMIC_NO_PIC = NO;
				GCC_MODEL_TUNING = G5;
				GCC_OPTIMIZATION_LEVEL = 0;
				GCC_PRECOMPILE_PREFIX_HEADER = YES;
				GCC_PREFIX_HEADER = "$(SYSTEM_LIBRARY_DIR)/Frameworks/AppKit.framework/Headers/AppKit.h";
				INFOPLIST_FILE = "EWSyphonProxyFrameBufferConnection-Info.plist";
				INSTALL_PATH = "@executable_path/../Frameworks";
				MACOSX_DEPLOYMENT_TARGET = 10.6;
				ONLY_ACTIVE_ARCH = NO;
				OTHER_LDFLAGS = (
					"-framework",
					Foundation,
					"-framework",
					AppKit,
				);
				PRODUCT_NAME = EWSyphonProxyFrameBufferConnection;
				VALID_ARCHS = "i386 x86_64";
			};
			name = Debug;
		};
		96614DAB10E92DB80066624E /* Release */ = {
			isa = XCBuildConfiguration;
			buildSettings = {
				ALWAYS_SEARCH_USER_PATHS = NO;
				COPY_PHASE_STRIP = YES;
				DEBUG_INFORMATION_FORMAT = "dwarf-with-dsym";
				DYLIB_COMPATIBILITY_VERSION = 1;
				DYLIB_CURRENT_VERSION = 1;
				FRAMEWORK_VERSION = A;
				GCC_MODEL_TUNING = G5;
				GCC_PRECOMPILE_PREFIX_HEADER = YES;
				GCC_PREFIX_HEADER = "$(SYSTEM_LIBRARY_DIR)/Frameworks/AppKit.framework/Headers/AppKit.h";
				INFOPLIST_FILE = "EWSyphonProxyFrameBufferConnection-Info.plist";
				INSTALL_PATH = "@executable_path/../Frameworks";
				MACOSX_DEPLOYMENT_TARGET = 10.6;
				OTHER_LDFLAGS = (
					"-framework",
					Foundation,
					"-framework",
					AppKit,
				);
				PRODUCT_NAME = EWSyphonProxyFrameBufferConnection;
				VALID_ARCHS = "i386 x86_64";
				ZERO_LINK = NO;
			};
			name = Release;
		};
		96614E0810E930730066624E /* Debug */ = {
			isa = XCBuildConfiguration;
			buildSettings = {
				ALWAYS_SEARCH_USER_PATHS = NO;
				COPY_PHASE_STRIP = NO;
				GCC_DYNAMIC_NO_PIC = NO;
				GCC_MODEL_TUNING = G5;
				GCC_OPTIMIZATION_LEVEL = 0;
				GCC_PRECOMPILE_PREFIX_HEADER = YES;
				GCC_PREFIX_HEADER = "$(SYSTEM_LIBRARY_DIR)/Frameworks/AppKit.framework/Headers/AppKit.h";
				INFOPLIST_FILE = "EWProxyframeBufferApp-Info.plist";
				INSTALL_PATH = "$(HOME)/Applications";
				MACOSX_DEPLOYMENT_TARGET = 10.6;
				OTHER_LDFLAGS = (
					"-framework",
					Foundation,
					"-framework",
					AppKit,
				);
				PRODUCT_NAME = EWProxyframeBufferApp;
				SDKROOT = macosx10.6;
			};
			name = Debug;
		};
		96614E0910E930730066624E /* Release */ = {
			isa = XCBuildConfiguration;
			buildSettings = {
				ALWAYS_SEARCH_USER_PATHS = NO;
				COPY_PHASE_STRIP = YES;
				DEBUG_INFORMATION_FORMAT = "dwarf-with-dsym";
				GCC_MODEL_TUNING = G5;
				GCC_PRECOMPILE_PREFIX_HEADER = YES;
				GCC_PREFIX_HEADER = "$(SYSTEM_LIBRARY_DIR)/Frameworks/AppKit.framework/Headers/AppKit.h";
				INFOPLIST_FILE = "EWProxyframeBufferApp-Info.plist";
				INSTALL_PATH = "$(HOME)/Applications";
				MACOSX_DEPLOYMENT_TARGET = 10.6;
				OTHER_LDFLAGS = (
					"-framework",
					Foundation,
					"-framework",
					AppKit,
				);
				PRODUCT_NAME = EWProxyframeBufferApp;
				SDKROOT = macosx10.6;
				ZERO_LINK = NO;
			};
			name = Release;
		};
		96614E9D10E93A820066624E /* Debug */ = {
			isa = XCBuildConfiguration;
			buildSettings = {
				COPY_PHASE_STRIP = NO;
				GCC_DYNAMIC_NO_PIC = NO;
				GCC_OPTIMIZATION_LEVEL = 0;
				PRODUCT_NAME = All;
			};
			name = Debug;
		};
		96614E9E10E93A820066624E /* Release */ = {
			isa = XCBuildConfiguration;
			buildSettings = {
				COPY_PHASE_STRIP = YES;
				DEBUG_INFORMATION_FORMAT = "dwarf-with-dsym";
				PRODUCT_NAME = All;
				ZERO_LINK = NO;
			};
			name = Release;
		};
		CD7F7856151A3D5C00EEE064 /* Debug */ = {
			isa = XCBuildConfiguration;
			buildSettings = {
				ALWAYS_SEARCH_USER_PATHS = NO;
				ARCHS = "$(ARCHS_STANDARD_64_BIT)";
				BUNDLE_LOADER = "$(BUILT_PRODUCTS_DIR)/EWSyphonVirtualScreen.app/Contents/MacOS/EWSyphonVirtualScreen";
				CLANG_ENABLE_OBJC_ARC = YES;
				COPY_PHASE_STRIP = NO;
				FRAMEWORK_SEARCH_PATHS = "$(DEVELOPER_LIBRARY_DIR)/Frameworks";
				GCC_DYNAMIC_NO_PIC = NO;
				GCC_ENABLE_OBJC_EXCEPTIONS = YES;
				GCC_PRECOMPILE_PREFIX_HEADER = YES;
				GCC_PREFIX_HEADER = "EWSyphonVirtualScreen/EWSyphonVirtualScreen-Prefix.pch";
				GCC_PREPROCESSOR_DEFINITIONS = (
					"DEBUG=1",
					"$(inherited)",
				);
				GCC_SYMBOLS_PRIVATE_EXTERN = NO;
				GCC_VERSION = com.apple.compilers.llvm.clang.1_0;
				GCC_WARN_64_TO_32_BIT_CONVERSION = YES;
				GCC_WARN_UNINITIALIZED_AUTOS = YES;
				INFOPLIST_FILE = "EWSyphonVirtualScreenTests/EWSyphonVirtualScreenTests-Info.plist";
				MACOSX_DEPLOYMENT_TARGET = 10.7;
				PRODUCT_NAME = "$(TARGET_NAME)";
				TEST_HOST = "$(BUNDLE_LOADER)";
				WRAPPER_EXTENSION = octest;
			};
			name = Debug;
		};
		CD7F7857151A3D5C00EEE064 /* Release */ = {
			isa = XCBuildConfiguration;
			buildSettings = {
				ALWAYS_SEARCH_USER_PATHS = NO;
				ARCHS = "$(ARCHS_STANDARD_64_BIT)";
				BUNDLE_LOADER = "$(BUILT_PRODUCTS_DIR)/EWSyphonVirtualScreen.app/Contents/MacOS/EWSyphonVirtualScreen";
				CLANG_ENABLE_OBJC_ARC = YES;
				COPY_PHASE_STRIP = YES;
				DEBUG_INFORMATION_FORMAT = "dwarf-with-dsym";
				FRAMEWORK_SEARCH_PATHS = "$(DEVELOPER_LIBRARY_DIR)/Frameworks";
				GCC_ENABLE_OBJC_EXCEPTIONS = YES;
				GCC_PRECOMPILE_PREFIX_HEADER = YES;
				GCC_PREFIX_HEADER = "EWSyphonVirtualScreen/EWSyphonVirtualScreen-Prefix.pch";
				GCC_VERSION = com.apple.compilers.llvm.clang.1_0;
				GCC_WARN_64_TO_32_BIT_CONVERSION = YES;
				GCC_WARN_UNINITIALIZED_AUTOS = YES;
				INFOPLIST_FILE = "EWSyphonVirtualScreenTests/EWSyphonVirtualScreenTests-Info.plist";
				MACOSX_DEPLOYMENT_TARGET = 10.7;
				PRODUCT_NAME = "$(TARGET_NAME)";
				TEST_HOST = "$(BUNDLE_LOADER)";
				WRAPPER_EXTENSION = octest;
			};
			name = Release;
		};
/* End XCBuildConfiguration section */

/* Begin XCConfigurationList section */
		1DEB91D908733DB10010E9CD /* Build configuration list for PBXNativeTarget "EWSyphonProxyFrameBuffer" */ = {
			isa = XCConfigurationList;
			buildConfigurations = (
				1DEB91DA08733DB10010E9CD /* Debug */,
				1DEB91DB08733DB10010E9CD /* Release */,
			);
			defaultConfigurationIsVisible = 0;
			defaultConfigurationName = Release;
		};
		1DEB91DD08733DB10010E9CD /* Build configuration list for PBXProject "EWSyphonProxyFrameBuffer" */ = {
			isa = XCConfigurationList;
			buildConfigurations = (
				1DEB91DE08733DB10010E9CD /* Debug */,
				1DEB91DF08733DB10010E9CD /* Release */,
			);
			defaultConfigurationIsVisible = 0;
			defaultConfigurationName = Release;
		};
		96614DAC10E92DB80066624E /* Build configuration list for PBXNativeTarget "EWSyphonProxyFrameBufferConnection" */ = {
			isa = XCConfigurationList;
			buildConfigurations = (
				96614DAA10E92DB80066624E /* Debug */,
				96614DAB10E92DB80066624E /* Release */,
			);
			defaultConfigurationIsVisible = 0;
			defaultConfigurationName = Release;
		};
		96614E0A10E930740066624E /* Build configuration list for PBXNativeTarget "EWProxyframeBufferApp" */ = {
			isa = XCConfigurationList;
			buildConfigurations = (
				96614E0810E930730066624E /* Debug */,
				96614E0910E930730066624E /* Release */,
			);
			defaultConfigurationIsVisible = 0;
			defaultConfigurationName = Release;
		};
		96614EB110E93AC50066624E /* Build configuration list for PBXAggregateTarget "All" */ = {
			isa = XCConfigurationList;
			buildConfigurations = (
				96614E9D10E93A820066624E /* Debug */,
				96614E9E10E93A820066624E /* Release */,
			);
			defaultConfigurationIsVisible = 0;
			defaultConfigurationName = Release;
		};
		CD7F7859151A3D5C00EEE064 /* Build configuration list for PBXNativeTarget "EWSyphonVirtualScreenTests" */ = {
			isa = XCConfigurationList;
			buildConfigurations = (
				CD7F7856151A3D5C00EEE064 /* Debug */,
				CD7F7857151A3D5C00EEE064 /* Release */,
			);
			defaultConfigurationIsVisible = 0;
			defaultConfigurationName = Release;
		};
/* End XCConfigurationList section */
	};
	rootObject = 089C1669FE841209C02AAC07 /* Project object */;
}
